
Microsoft Visual Studio Solution File, Format Version 12.00
# Visual Studio Version 17
VisualStudioVersion = 17.5.33424.131
MinimumVisualStudioVersion = 10.0.40219.1
Project("{9A19103F-16F7-4668-BE54-9A1E7A4F7556}") = "c#fundamentals", "c#fundamentals\c#fundamentals.csproj", "{90AB82D0-DE01-4524-893F-AF8D124E89AF}"
EndProject
Project("{9A19103F-16F7-4668-BE54-9A1E7A4F7556}") = "Selenium-Learning", "Selenium-Learning\Selenium-Learning.csproj", "{84A5130F-CC1E-41D7-8CF9-C3DBBFBE75CC}"
EndProject
Project("{FAE04EC0-301F-11D3-BF4B-00C04F79EFBC}") = "CSharpSeleniumFramework", "CSharpSeleniumFramework\CSharpSeleniumFramework.csproj", "{14B8526F-1797-4097-867E-5C0735C61DF5}"
EndProject
Global
	GlobalSection(SolutionConfigurationPlatforms) = preSolution
		Debug|Any CPU = Debug|Any CPU
		Release|Any CPU = Release|Any CPU
	EndGlobalSection
	GlobalSection(ProjectConfigurationPlatforms) = postSolution
		{90AB82D0-DE01-4524-893F-AF8D124E89AF}.Debug|Any CPU.ActiveCfg = Debug|Any CPU
		{90AB82D0-DE01-4524-893F-AF8D124E89AF}.Debug|Any CPU.Build.0 = Debug|Any CPU
		{90AB82D0-DE01-4524-893F-AF8D124E89AF}.Release|Any CPU.ActiveCfg = Release|Any CPU
		{90AB82D0-DE01-4524-893F-AF8D124E89AF}.Release|Any CPU.Build.0 = Release|Any CPU
		{84A5130F-CC1E-41D7-8CF9-C3DBBFBE75CC}.Debug|Any CPU.ActiveCfg = Debug|Any CPU
		{84A5130F-CC1E-41D7-8CF9-C3DBBFBE75CC}.Debug|Any CPU.Build.0 = Debug|Any CPU
		{84A5130F-CC1E-41D7-8CF9-C3DBBFBE75CC}.Release|Any CPU.ActiveCfg = Release|Any CPU
		{84A5130F-CC1E-41D7-8CF9-C3DBBFBE75CC}.Release|Any CPU.Build.0 = Release|Any CPU
		{14B8526F-1797-4097-867E-5C0735C61DF5}.Debug|Any CPU.ActiveCfg = Debug|Any CPU
		{14B8526F-1797-4097-867E-5C0735C61DF5}.Debug|Any CPU.Build.0 = Debug|Any CPU
		{14B8526F-1797-4097-867E-5C0735C61DF5}.Release|Any CPU.ActiveCfg = Release|Any CPU
		{14B8526F-1797-4097-867E-5C0735C61DF5}.Release|Any CPU.Build.0 = Release|Any CPU
	EndGlobalSection
	GlobalSection(SolutionProperties) = preSolution
		HideSolutionNode = FALSE
	EndGlobalSection
	GlobalSection(ExtensibilityGlobals) = postSolution
		SolutionGuid = {FA8AFCE9-181F-45BE-B150-0D6474D4322E}
	EndGlobalSection
EndGlobal
